# Forecast pin for Polymarket CTF Exchange V2 (E5)
# License: MIT — https://github.com/Polymarket/ctf-exchange-v2/blob/main/LICENSE.md
#
# Research baseline: docs/research/2026-05-20.md ("v1.0.6", 2026-05-08).
# Upstream has no git tag/releases on GitHub; pin by commit SHA below.
# Sync: npm run onchain:vendor

repo=https://github.com/Polymarket/ctf-exchange-v2.git
commit=ccc0596074f4dfd62c944fbca4de252893b82b4b
commit_short=ccc0596
commit_message=docs: security section (#98)
foundry_version=1.7.1
eip712_domain_version=2
eip712_domain_name=Polymarket CTF Exchange

# --- E6: UMA CTF Adapter (oracle / resolve) ---
# License: MIT — https://github.com/Polymarket/uma-ctf-adapter/blob/main/LICENSE.md
# Release tag v3.1.0; Amoy deploy in release notes.

uma_repo=https://github.com/Polymarket/uma-ctf-adapter.git
uma_tag=v3.1.0
uma_commit=10dd8829d710ed9c2541b4196b463ad0c90546fc
uma_commit_short=10dd882
uma_amoy_adapter=0x2F6f8DA6A21023E62399801945eed1b1975A4e12
uma_sdk_npm=@polymarket/uma-ctf-adapter-sdk@0.0.10
